// !$*UTF8*$!
{
	archiveVersion = 1;
	classes = {
	};
	objectVersion = 46;
	objects = {

/* Begin PBXBuildFile section */
		B7A488BD1B54445E000118A7 /* main.m in Sources */ = {isa = PBXBuildFile; fileRef = B7A488BC1B54445E000118A7 /* main.m */; };
		B7A488C01B54445E000118A7 /* AppDelegate.m in Sources */ = {isa = PBXBuildFile; fileRef = B7A488BF1B54445E000118A7 /* AppDelegate.m */; };
		B7A488C31B54445E000118A7 /* ViewController.m in Sources */ = {isa = PBXBuildFile; fileRef = B7A488C21B54445E000118A7 /* ViewController.m */; };
		B7A488C61B54445E000118A7 /* Main.storyboard in Resources */ = {isa = PBXBuildFile; fileRef = B7A488C41B54445E000118A7 /* Main.storyboard */; };
		B7A488C81B54445E000118A7 /* Images.xcassets in Resources */ = {isa = PBXBuildFile; fileRef = B7A488C71B54445E000118A7 /* Images.xcassets */; };
		B7A488CB1B54445E000118A7 /* LaunchScreen.xib in Resources */ = {isa = PBXBuildFile; fileRef = B7A488C91B54445E000118A7 /* LaunchScreen.xib */; };
		B7A488D71B54445E000118A7 /* PrefetchTests.m in Sources */ = {isa = PBXBuildFile; fileRef = B7A488D61B54445E000118A7 /* PrefetchTests.m */; };
/* End PBXBuildFile section */

/* Begin PBXContainerItemProxy section */
		B7A488D11B54445E000118A7 /* PBXContainerItemProxy */ = {
			isa = PBXContainerItemProxy;
			containerPortal = B7A488AF1B54445E000118A7 /* Project object */;
			proxyType = 1;
			remoteGlobalIDString = B7A488B61B54445E000118A7;
			remoteInfo = Prefetch;
		};
/* End PBXContainerItemProxy section */

/* Begin PBXFileReference section */
		B7A488B71B54445E000118A7 /* Prefetch.app */ = {isa = PBXFileReference; explicitFileType = wrapper.application; includeInIndex = 0; path = Prefetch.app; sourceTree = BUILT_PRODUCTS_DIR; };
		B7A488BB1B54445E000118A7 /* Info.plist */ = {isa = PBXFileReference; lastKnownFileType = text.plist.xml; path = Info.plist; sourceTree = "<group>"; };
		B7A488BC1B54445E000118A7 /* main.m */ = {isa = PBXFileReference; lastKnownFileType = sourcecode.c.objc; path = main.m; sourceTree = "<group>"; };
		B7A488BE1B54445E000118A7 /* AppDelegate.h */ = {isa = PBXFileReference; lastKnownFileType = sourcecode.c.h; path = AppDelegate.h; sourceTree = "<group>"; };
		B7A488BF1B54445E000118A7 /* AppDelegate.m */ = {isa = PBXFileReference; lastKnownFileType = sourcecode.c.objc; path = AppDelegate.m; sourceTree = "<group>"; };
		B7A488C11B54445E000118A7 /* ViewController.h */ = {isa = PBXFileReference; lastKnownFileType = sourcecode.c.h; path = ViewController.h; sourceTree = "<group>"; };
		B7A488C21B54445E000118A7 /* ViewController.m */ = {isa = PBXFileReference; lastKnownFileType = sourcecode.c.objc; path = ViewController.m; sourceTree = "<group>"; };
		B7A488C51B54445E000118A7 /* Base */ = {isa = PBXFileReference; lastKnownFileType = file.storyboard; name = Base; path = Base.lproj/Main.storyboard; sourceTree = "<group>"; };
		B7A488C71B54445E000118A7 /* Images.xcassets */ = {isa = PBXFileReference; lastKnownFileType = folder.assetcatalog; path = Images.xcassets; sourceTree = "<group>"; };
		B7A488CA1B54445E000118A7 /* Base */ = {isa = PBXFileReference; lastKnownFileType = file.xib; name = Base; path = Base.lproj/LaunchScreen.xib; sourceTree = "<group>"; };
		B7A488D01B54445E000118A7 /* PrefetchTests.xctest */ = {isa = PBXFileReference; explicitFileType = wrapper.cfbundle; includeInIndex = 0; path = PrefetchTests.xctest; sourceTree = BUILT_PRODUCTS_DIR; };
		B7A488D51B54445E000118A7 /* Info.plist */ = {isa = PBXFileReference; lastKnownFileType = text.plist.xml; path = Info.plist; sourceTree = "<group>"; };
		B7A488D61B54445E000118A7 /* PrefetchTests.m */ = {isa = PBXFileReference; lastKnownFileType = sourcecode.c.objc; path = PrefetchTests.m; sourceTree = "<group>"; };
/* End PBXFileReference section */

/* Begin PBXFrameworksBuildPhase section */
		B7A488B41B54445E000118A7 /* Frameworks */ = {
			isa = PBXFrameworksBuildPhase;
			buildActionMask = 2147483647;
			files = (
			);
			runOnlyForDeploymentPostprocessing = 0;
		};
		B7A488CD1B54445E000118A7 /* Frameworks */ = {
			isa = PBXFrameworksBuildPhase;
			buildActionMask = 2147483647;
			files = (
			);
			runOnlyForDeploymentPostprocessing = 0;
		};
/* End PBXFrameworksBuildPhase section */

/* Begin PBXGroup section */
		B7A488AE1B54445E000118A7 = {
			isa = PBXGroup;
			children = (
				B7A488B91B54445E000118A7 /* Prefetch */,
				B7A488D31B54445E000118A7 /* PrefetchTests */,
				B7A488B81B54445E000118A7 /* Products */,
			);
			sourceTree = "<group>";
		};
		B7A488B81B54445E000118A7 /* Products */ = {
			isa = PBXGroup;
			children = (
				B7A488B71B54445E000118A7 /* Prefetch.app */,
				B7A488D01B54445E000118A7 /* PrefetchTests.xctest */,
			);
			name = Products;
			sourceTree = "<group>";
		};
		B7A488B91B54445E000118A7 /* Prefetch */ = {
			isa = PBXGroup;
			children = (
				B7A488BE1B54445E000118A7 /* AppDelegate.h */,
				B7A488BF1B54445E000118A7 /* AppDelegate.m */,
				B7A488C11B54445E000118A7 /* ViewController.h */,
				B7A488C21B54445E000118A7 /* ViewController.m */,
				B7A488C41B54445E000118A7 /* Main.storyboard */,
				B7A488C71B54445E000118A7 /* Images.xcassets */,
				B7A488C91B54445E000118A7 /* LaunchScreen.xib */,
				B7A488BA1B54445E000118A7 /* Supporting Files */,
			);
			path = Prefetch;
			sourceTree = "<group>";
		};
		B7A488BA1B54445E000118A7 /* Supporting Files */ = {
			isa = PBXGroup;
			children = (
				B7A488BB1B54445E000118A7 /* Info.plist */,
				B7A488BC1B54445E000118A7 /* main.m */,
			);
			name = "Supporting Files";
			sourceTree = "<group>";
		};
		B7A488D31B54445E000118A7 /* PrefetchTests */ = {
			isa = PBXGroup;
			children = (
				B7A488D61B54445E000118A7 /* PrefetchTests.m */,
				B7A488D41B54445E000118A7 /* Supporting Files */,
			);
			path = PrefetchTests;
			sourceTree = "<group>";
		};
		B7A488D41B54445E000118A7 /* Supporting Files */ = {
			isa = PBXGroup;
			children = (
				B7A488D51B54445E000118A7 /* Info.plist */,
			);
			name = "Supporting Files";
			sourceTree = "<group>";
		};
/* End PBXGroup section */

/* Begin PBXNativeTarget section */
		B7A488B61B54445E000118A7 /* Prefetch */ = {
			isa = PBXNativeTarget;
			buildConfigurationList = B7A488DA1B54445E000118A7 /* Build configuration list for PBXNativeTarget "Prefetch" */;
			buildPhases = (
				B7A488B31B54445E000118A7 /* Sources */,
				B7A488B41B54445E000118A7 /* Frameworks */,
				B7A488B51B54445E000118A7 /* Resources */,
			);
			buildRules = (
			);
			dependencies = (
			);
			name = Prefetch;
			productName = Prefetch;
			productReference = B7A488B71B54445E000118A7 /* Prefetch.app */;
			productType = "com.apple.product-type.application";
		};
		B7A488CF1B54445E000118A7 /* PrefetchTests */ = {
			isa = PBXNativeTarget;
			buildConfigurationList = B7A488DD1B54445E000118A7 /* Build configuration list for PBXNativeTarget "PrefetchTests" */;
			buildPhases = (
				B7A488CC1B54445E000118A7 /* Sources */,
				B7A488CD1B54445E000118A7 /* Frameworks */,
				B7A488CE1B54445E000118A7 /* Resources */,
			);
			buildRules = (
			);
			dependencies = (
				B7A488D21B54445E000118A7 /* PBXTargetDependency */,
			);
			name = PrefetchTests;
			productName = PrefetchTests;
			productReference = B7A488D01B54445E000118A7 /* PrefetchTests.xctest */;
			productType = "com.apple.product-type.bundle.unit-test";
		};
/* End PBXNativeTarget section */

/* Begin PBXProject section */
		B7A488AF1B54445E000118A7 /* Project object */ = {
			isa = PBXProject;
			attributes = {
				LastUpgradeCheck = 0630;
				ORGANIZATIONNAME = "Taomin Chang";
				TargetAttributes = {
					B7A488B61B54445E000118A7 = {
						CreatedOnToolsVersion = 6.3.2;
					};
					B7A488CF1B54445E000118A7 = {
						CreatedOnToolsVersion = 6.3.2;
						TestTargetID = B7A488B61B54445E000118A7;
					};
				};
			};
			buildConfigurationList = B7A488B21B54445E000118A7 /* Build configuration list for PBXProject "Prefetch" */;
			compatibilityVersion = "Xcode 3.2";
			developmentRegion = English;
			hasScannedForEncodings = 0;
			knownRegions = (
				en,
				Base,
			);
			mainGroup = B7A488AE1B54445E000118A7;
			productRefGroup = B7A488B81B54445E000118A7 /* Products */;
			projectDirPath = "";
			projectRoot = "";
			targets = (
				B7A488B61B54445E000118A7 /* Prefetch */,
				B7A488CF1B54445E000118A7 /* PrefetchTests */,
			);
		};
/* End PBXProject section */

/* Begin PBXResourcesBuildPhase section */
		B7A488B51B54445E000118A7 /* Resources */ = {
			isa = PBXResourcesBuildPhase;
			buildActionMask = 2147483647;
			files = (
				B7A488C61B54445E000118A7 /* Main.storyboard in Resources */,
				B7A488CB1B54445E000118A7 /* LaunchScreen.xib in Resources */,
				B7A488C81B54445E000118A7 /* Images.xcassets in Resources */,
			);
			runOnlyForDeploymentPostprocessing = 0;
		};
		B7A488CE1B54445E000118A7 /* Resources */ = {
			isa = PBXResourcesBuildPhase;
			buildActionMask = 2147483647;
			files = (
			);
			runOnlyForDeploymentPostprocessing = 0;
		};
/* End PBXResourcesBuildPhase section */

/* Begin PBXSourcesBuildPhase section */
		B7A488B31B54445E000118A7 /* Sources */ = {
			isa = PBXSourcesBuildPhase;
			buildActionMask = 2147483647;
			files = (
				B7A488C31B54445E000118A7 /* ViewController.m in Sources */,
				B7A488C01B54445E000118A7 /* AppDelegate.m in Sources */,
				B7A488BD1B54445E000118A7 /* main.m in Sources */,
			);
			runOnlyForDeploymentPostprocessing = 0;
		};
		B7A488CC1B54445E000118A7 /* Sources */ = {
			isa = PBXSourcesBuildPhase;
			buildActionMask = 2147483647;
			files = (
				B7A488D71B54445E000118A7 /* PrefetchTests.m in Sources */,
			);
			runOnlyForDeploymentPostprocessing = 0;
		};
/* End PBXSourcesBuildPhase section */

/* Begin PBXTargetDependency section */
		B7A488D21B54445E000118A7 /* PBXTargetDependency */ = {
			isa = PBXTargetDependency;
			target = B7A488B61B54445E000118A7 /* Prefetch */;
			targetProxy = B7A488D11B54445E000118A7 /* PBXContainerItemProxy */;
		};
/* End PBXTargetDependency section */

/* Begin PBXVariantGroup section */
		B7A488C41B54445E000118A7 /* Main.storyboard */ = {
			isa = PBXVariantGroup;
			children = (
				B7A488C51B54445E000118A7 /* Base */,
			);
			name = Main.storyboard;
			sourceTree = "<group>";
		};
		B7A488C91B54445E000118A7 /* LaunchScreen.xib */ = {
			isa = PBXVariantGroup;
			children = (
				B7A488CA1B54445E000118A7 /* Base */,
			);
			name = LaunchScreen.xib;
			sourceTree = "<group>";
		};
/* End PBXVariantGroup section */

/* Begin XCBuildConfiguration section */
		B7A488D81B54445E000118A7 /* Debug */ = {
			isa = XCBuildConfiguration;
			buildSettings = {
				ALWAYS_SEARCH_USER_PATHS = NO;
				CLANG_CXX_LANGUAGE_STANDARD = "gnu++0x";
				CLANG_CXX_LIBRARY = "libc++";
				CLANG_ENABLE_MODULES = YES;
				CLANG_ENABLE_OBJC_ARC = YES;
				CLANG_WARN_BOOL_CONVERSION = YES;
				CLANG_WARN_CONSTANT_CONVERSION = YES;
				CLANG_WARN_DIRECT_OBJC_ISA_USAGE = YES_ERROR;
				CLANG_WARN_EMPTY_BODY = YES;
				CLANG_WARN_ENUM_CONVERSION = YES;
				CLANG_WARN_INT_CONVERSION = YES;
				CLANG_WARN_OBJC_ROOT_CLASS = YES_ERROR;
				CLANG_WARN_UNREACHABLE_CODE = YES;
				CLANG_WARN__DUPLICATE_METHOD_MATCH = YES;
				"CODE_SIGN_IDENTITY[sdk=iphoneos*]" = "iPhone Developer";
				COPY_PHASE_STRIP = NO;
				DEBUG_INFORMATION_FORMAT = "dwarf-with-dsym";
				ENABLE_STRICT_OBJC_MSGSEND = YES;
				GCC_C_LANGUAGE_STANDARD = gnu99;
				GCC_DYNAMIC_NO_PIC = NO;
				GCC_NO_COMMON_BLOCKS = YES;
				GCC_OPTIMIZATION_LEVEL = 0;
				GCC_PREPROCESSOR_DEFINITIONS = (
					"DEBUG=1",
					"$(inherited)",
				);
				GCC_SYMBOLS_PRIVATE_EXTERN = NO;
				GCC_WARN_64_TO_32_BIT_CONVERSION = YES;
				GCC_WARN_ABOUT_RETURN_TYPE = YES_ERROR;
				GCC_WARN_UNDECLARED_SELECTOR = YES;
				GCC_WARN_UNINITIALIZED_AUTOS = YES_AGGRESSIVE;
				GCC_WARN_UNUSED_FUNCTION = YES;
				GCC_WARN_UNUSED_VARIABLE = YES;
				IPHONEOS_DEPLOYMENT_TARGET = 8.3;
				MTL_ENABLE_DEBUG_INFO = YES;
				ONLY_ACTIVE_ARCH = YES;
				SDKROOT = iphoneos;
			};
			name = Debug;
		};
		B7A488D91B54445E000118A7 /* Release */ = {
			isa = XCBuildConfiguration;
			buildSettings = {
				ALWAYS_SEARCH_USER_PATHS = NO;
				CLANG_CXX_LANGUAGE_STANDARD = "gnu++0x";
				CLANG_CXX_LIBRARY = "libc++";
				CLANG_ENABLE_MODULES = YES;
				CLANG_ENABLE_OBJC_ARC = YES;
				CLANG_WARN_BOOL_CONVERSION = YES;
				CLANG_WARN_CONSTANT_CONVERSION = YES;
				CLANG_WARN_DIRECT_OBJC_ISA_USAGE = YES_ERROR;
				CLANG_WARN_EMPTY_BODY = YES;
				CLANG_WARN_ENUM_CONVERSION = YES;
				CLANG_WARN_INT_CONVERSION = YES;
				CLANG_WARN_OBJC_ROOT_CLASS = YES_ERROR;
				CLANG_WARN_UNREACHABLE_CODE = YES;
				CLANG_WARN__DUPLICATE_METHOD_MATCH = YES;
				"CODE_SIGN_IDENTITY[sdk=iphoneos*]" = "iPhone Developer";
				COPY_PHASE_STRIP = NO;
				DEBUG_INFORMATION_FORMAT = "dwarf-with-dsym";
				ENABLE_NS_ASSERTIONS = NO;
				ENABLE_STRICT_OBJC_MSGSEND = YES;
				GCC_C_LANGUAGE_STANDARD = gnu99;
				GCC_NO_COMMON_BLOCKS = YES;
				GCC_WARN_64_TO_32_BIT_CONVERSION = YES;
				GCC_WARN_ABOUT_RETURN_TYPE = YES_ERROR;
				GCC_WARN_UNDECLARED_SELECTOR = YES;
				GCC_WARN_UNINITIALIZED_AUTOS = YES_AGGRESSIVE;
				GCC_WARN_UNUSED_FUNCTION = YES;
				GCC_WARN_UNUSED_VARIABLE = YES;
				IPHONEOS_DEPLOYMENT_TARGET = 8.3;
				MTL_ENABLE_DEBUG_INFO = NO;
				SDKROOT = iphoneos;
				VALIDATE_PRODUCT = YES;
			};
			name = Release;
		};
		B7A488DB1B54445E000118A7 /* Debug */ = {
			isa = XCBuildConfiguration;
			buildSettings = {
				ASSETCATALOG_COMPILER_APPICON_NAME = AppIcon;
				INFOPLIST_FILE = Prefetch/Info.plist;
				LD_RUNPATH_SEARCH_PATHS = "$(inherited) @executable_path/Frameworks";
				PRODUCT_NAME = "$(TARGET_NAME)";
			};
			name = Debug;
		};
		B7A488DC1B54445E000118A7 /* Release */ = {
			isa = XCBuildConfiguration;
			buildSettings = {
				ASSETCATALOG_COMPILER_APPICON_NAME = AppIcon;
				INFOPLIST_FILE = Prefetch/Info.plist;
				LD_RUNPATH_SEARCH_PATHS = "$(inherited) @executable_path/Frameworks";
				PRODUCT_NAME = "$(TARGET_NAME)";
			};
			name = Release;
		};
		B7A488DE1B54445E000118A7 /* Debug */ = {
			isa = XCBuildConfiguration;
			buildSettings = {
				BUNDLE_LOADER = "$(TEST_HOST)";
				FRAMEWORK_SEARCH_PATHS = (
					"$(SDKROOT)/Developer/Library/Frameworks",
					"$(inherited)",
				);
				GCC_PREPROCESSOR_DEFINITIONS = (
					"DEBUG=1",
					"$(inherited)",
				);
				INFOPLIST_FILE = PrefetchTests/Info.plist;
				LD_RUNPATH_SEARCH_PATHS = "$(inherited) @executable_path/Frameworks @loader_path/Frameworks";
				PRODUCT_NAME = "$(TARGET_NAME)";
				TEST_HOST = "$(BUILT_PRODUCTS_DIR)/Prefetch.app/Prefetch";
			};
			name = Debug;
		};
		B7A488DF1B54445E000118A7 /* Release */ = {
			isa = XCBuildConfiguration;
			buildSettings = {
				BUNDLE_LOADER = "$(TEST_HOST)";
				FRAMEWORK_SEARCH_PATHS = (
					"$(SDKROOT)/Developer/Library/Frameworks",
					"$(inherited)",
				);
				INFOPLIST_FILE = PrefetchTests/Info.plist;
				LD_RUNPATH_SEARCH_PATHS = "$(inherited) @executable_path/Frameworks @loader_path/Frameworks";
				PRODUCT_NAME = "$(TARGET_NAME)";
				TEST_HOST = "$(BUILT_PRODUCTS_DIR)/Prefetch.app/Prefetch";
			};
			name = Release;
		};
/* End XCBuildConfiguration section */

/* Begin XCConfigurationList section */
		B7A488B21B54445E000118A7 /* Build configuration list for PBXProject "Prefetch" */ = {
			isa = XCConfigurationList;
			buildConfigurations = (
				B7A488D81B54445E000118A7 /* Debug */,
				B7A488D91B54445E000118A7 /* Release */,
			);
			defaultConfigurationIsVisible = 0;
			defaultConfigurationName = Release;
		};
		B7A488DA1B54445E000118A7 /* Build configuration list for PBXNativeTarget "Prefetch" */ = {
			isa = XCConfigurationList;
			buildConfigurations = (
				B7A488DB1B54445E000118A7 /* Debug */,
				B7A488DC1B54445E000118A7 /* Release */,
			);
			defaultConfigurationIsVisible = 0;
		};
		B7A488DD1B54445E000118A7 /* Build configuration list for PBXNativeTarget "PrefetchTests" */ = {
			isa = XCConfigurationList;
			buildConfigurations = (
				B7A488DE1B54445E000118A7 /* Debug */,
				B7A488DF1B54445E000118A7 /* Release */,
			);
			defaultConfigurationIsVisible = 0;
		};
/* End XCConfigurationList section */
	};
	rootObject = B7A488AF1B54445E000118A7 /* Project object */;
}
